Microsoft Visual Studio Solution File, Format Version 12.00
# Visual Studio Version 17
VisualStudioVersion = 17.5.2.0
MinimumVisualStudioVersion = 10.0.40219.1
Project("{FAE04EC0-301F-11D3-BF4B-00C04F79EFBC}") = "NvidiaVibrance", "NvidiaVibrance.csproj", "{6DCDE90E-FB73-0A7C-3023-41EB85E7FDCB}"
EndProject
Global
	GlobalSection(SolutionConfigurationPlatforms) = preSolution
		Debug|Any CPU = Debug|Any CPU
		Release|Any CPU = Release|Any CPU
	EndGlobalSection
	GlobalSection(ProjectConfigurationPlatforms) = postSolution
		{6DCDE90E-FB73-0A7C-3023-41EB85E7FDCB}.Debug|Any CPU.ActiveCfg = Debug|Any CPU
		{6DCDE90E-FB73-0A7C-3023-41EB85E7FDCB}.Debug|Any CPU.Build.0 = Debug|Any CPU
		{6DCDE90E-FB73-0A7C-3023-41EB85E7FDCB}.Release|Any CPU.ActiveCfg = Release|Any CPU
		{6DCDE90E-FB73-0A7C-3023-41EB85E7FDCB}.Release|Any CPU.Build.0 = Release|Any CPU
	EndGlobalSection
	GlobalSection(SolutionProperties) = preSolution
		HideSolutionNode = FALSE
	EndGlobalSection
	GlobalSection(ExtensibilityGlobals) = postSolution
		SolutionGuid = {1031A189-88F8-4DEC-A6C8-5F00212E5A93}
	EndGlobalSection
EndGlobal
